
Microsoft Visual Studio Solution File, Format Version 12.00
# Visual Studio Version 17
VisualStudioVersion = 17.3.32922.545
MinimumVisualStudioVersion = 10.0.40219.1
Project("{FAE04EC0-301F-11D3-BF4B-00C04F79EFBC}") = "GeneticAlgorithmGraphColoring", "GeneticAlgorithmGraphColoring\GeneticAlgorithmGraphColoring.csproj", "{A46E40F9-069B-40FB-8C81-F84875C0507E}"
EndProject
Global
	GlobalSection(SolutionConfigurationPlatforms) = preSolution
		Debug|Any CPU = Debug|Any CPU
		Release|Any CPU = Release|Any CPU
	EndGlobalSection
	GlobalSection(ProjectConfigurationPlatforms) = postSolution
		{A46E40F9-069B-40FB-8C81-F84875C0507E}.Debug|Any CPU.ActiveCfg = Debug|Any CPU
		{A46E40F9-069B-40FB-8C81-F84875C0507E}.Debug|Any CPU.Build.0 = Debug|Any CPU
		{A46E40F9-069B-40FB-8C81-F84875C0507E}.Release|Any CPU.ActiveCfg = Release|Any CPU
		{A46E40F9-069B-40FB-8C81-F84875C0507E}.Release|Any CPU.Build.0 = Release|Any CPU
	EndGlobalSection
	GlobalSection(SolutionProperties) = preSolution
		HideSolutionNode = FALSE
	EndGlobalSection
	GlobalSection(ExtensibilityGlobals) = postSolution
		SolutionGuid = {F2B4AC3E-05EA-413A-B883-933548B60BBD}
	EndGlobalSection
EndGlobal
